# This file is automatically @generated by Poetry 1.7.1 and should not be changed by hand.

[[package]]
name = "deprecation"
version = "2.1.0"
description = "A library to handle automated deprecations"
optional = false
python-versions = "*"
files = [
    {file = "deprecation-2.1.0-py2.py3-none-any.whl", hash = "sha256:a10811591210e1fb0e768a8c25517cabeabcba6f0bf96564f8ff45189f90b14a"},
    {file = "deprecation-2.1.0.tar.gz", hash = "sha256:72b3bde64e5d778694b0cf68178aed03d15e15477116add3fb773e581f9518ff"},
]

[package.dependencies]
packaging = "*"

[[package]]
name = "packaging"
version = "24.0"
description = "Core utilities for Python packages"
optional = false
python-versions = ">=3.7"
files = [
    {file = "packaging-24.0-py3-none-any.whl", hash = "sha256:2ddfb553fdf02fb784c234c7ba6ccc288296ceabec964ad2eae3777778130bc5"},
    {file = "packaging-24.0.tar.gz", hash = "sha256:eb82c5e3e56209074766e6885bb04b8c38a0c015d0a30036ebe7ece34c9989e9"},
]

[[package]]
name = "python-dateutil"
version = "2.9.0.post0"
description = "Extensions to the standard Python datetime module"
optional = false
python-versions = "!=3.0.*,!=3.1.*,!=3.2.*,>=2.7"
files = [
    {file = "python-dateutil-2.9.0.post0.tar.gz", hash = "sha256:37dd54208da7e1cd875388217d5e00ebd4179249f90fb72437e91a35459a0ad3"},
    {file = "python_dateutil-2.9.0.post0-py2.py3-none-any.whl", hash = "sha256:a8b2bc7bffae282281c8140a97d3aa9c14da0b136dfe83f850eea9a5f7470427"},
]

[package.dependencies]
six = ">=1.5"

[[package]]
name = "six"
version = "1.16.0"
description = "Python 2 and 3 compatibility utilities"
optional = false
python-versions = ">=2.7, !=3.0.*, !=3.1.*, !=3.2.*"
files = [
    {file = "six-1.16.0-py2.py3-none-any.whl", hash = "sha256:8abb2f1d86890a2dfb989f9a77cfcfd3e47c2a354b01111771326f8aa26e0254"},
    {file = "six-1.16.0.tar.gz", hash = "sha256:1e61c37477a1626458e36f7b1d82aa5c9b094fa4802892072e49de9c60c4c926"},
]

[[package]]
name = "tabulate"
version = "0.9.0"
description = "Pretty-print tabular data"
optional = false
python-versions = ">=3.7"
files = [
    {file = "tabulate-0.9.0-py3-none-any.whl", hash = "sha256:024ca478df22e9340661486f85298cff5f6dcdba14f3813e8830015b9ed1948f"},
    {file = "tabulate-0.9.0.tar.gz", hash = "sha256:0095b12bf5966de529c0feb1fa08671671b3368eec77d7ef7ab114be2c068b3c"},
]

[package.extras]
widechars = ["wcwidth"]

[[package]]
name = "timew"
version = "0.1.1"
description = "Python interface to your timewarrior database"
optional = false
python-versions = ">=3.9"
files = [
    {file = "timew-0.1.1-py3-none-any.whl", hash = "sha256:ef3b40e20b879d28277fb2e177c8500b1ded90e1d449b262f65f22f547b6b050"},
    {file = "timew-0.1.1.tar.gz", hash = "sha256:bb01715d9b780471c3e8524951e01ab5b7904bfc341e516e15125b55f052639b"},
]

[package.dependencies]
python-dateutil = ">=2.8"

[package.extras]
dev = ["alabaster (==0.7.16)", "babel (==2.14.0)", "build (==1.0.3)", "certifi (==2023.11.17)", "charset-normalizer (==3.3.2)", "coverage[toml] (==7.4.0)", "docutils (==0.20.1)", "exceptiongroup (==1.2.0)", "idna (==3.6)", "imagesize (==1.4.1)", "importlib-metadata (==7.0.1)", "iniconfig (==2.0.0)", "jinja2 (==3.1.3)", "markupsafe (==2.1.3)", "packaging (==23.2)", "pbr (==6.0.0)", "pluggy (==1.3.0)", "pockets (==0.9.1)", "pygments (==2.17.2)", "pyproject-hooks (==1.0.0)", "pytest (==7.4.4)", "pytest-cov (==4.1.0)", "python-dateutil (==2.8.2)", "requests (==2.31.0)", "six (==1.16.0)", "snowballstemmer (==2.2.0)", "sphinx (==7.2.6)", "sphinxcontrib-apidoc (==0.4.0)", "sphinxcontrib-applehelp (==1.0.8)", "sphinxcontrib-devhelp (==1.0.6)", "sphinxcontrib-htmlhelp (==2.0.5)", "sphinxcontrib-jsmath (==1.0.1)", "sphinxcontrib-napoleon (==0.7)", "sphinxcontrib-qthelp (==1.0.7)", "sphinxcontrib-restbuilder (==0.3)", "sphinxcontrib-serializinghtml (==1.1.10)", "tomli (==2.0.1)", "urllib3 (==2.1.0)", "zipp (==3.17.0)"]

[[package]]
name = "timew-report"
version = "1.4.0"
description = "An interface for Timewarrior report data"
optional = false
python-versions = ">3, <4"
files = [
    {file = "timew-report-1.4.0.tar.gz", hash = "sha256:439ec4dda62215ff347971095d99566678be3c9e3c5dbecdb8bed51fd4422f90"},
    {file = "timew_report-1.4.0-py3-none-any.whl", hash = "sha256:b50cbda98ebc146cd3bb39312ad8c5c0fe066d8785952dd85623a4032c5c9b75"},
]

[package.dependencies]
deprecation = "*"
python-dateutil = "*"

[package.extras]
test = ["pytest"]

[metadata]
lock-version = "2.0"
python-versions = "^3.12"
content-hash = "6114f3c795a5c5750e934b6c26d8fbe0ae320e20a444898ab21a881a297695d8"
